
Microsoft Visual Studio Solution File, Format Version 12.00
# Visual Studio Version 17
VisualStudioVersion = 17.7.34018.315
MinimumVisualStudioVersion = 10.0.40219.1
Project("{FAE04EC0-301F-11D3-BF4B-00C04F79EFBC}") = "SnackbarDemo", "SnackbarDemo\SnackbarDemo.csproj", "{626FD308-A7FE-4AB2-83C1-EFAD90B48BAE}"
EndProject
Project("{FAE04EC0-301F-11D3-BF4B-00C04F79EFBC}") = "snackbar", "snackbar\snackbar.csproj", "{98AF1880-DB8B-407C-990F-BEAA0417A624}"
EndProject
Global
	GlobalSection(SolutionConfigurationPlatforms) = preSolution
		Debug|Any CPU = Debug|Any CPU
		Release|Any CPU = Release|Any CPU
	EndGlobalSection
	GlobalSection(ProjectConfigurationPlatforms) = postSolution
		{626FD308-A7FE-4AB2-83C1-EFAD90B48BAE}.Debug|Any CPU.ActiveCfg = Debug|Any CPU
		{626FD308-A7FE-4AB2-83C1-EFAD90B48BAE}.Debug|Any CPU.Build.0 = Debug|Any CPU
		{626FD308-A7FE-4AB2-83C1-EFAD90B48BAE}.Release|Any CPU.ActiveCfg = Release|Any CPU
		{626FD308-A7FE-4AB2-83C1-EFAD90B48BAE}.Release|Any CPU.Build.0 = Release|Any CPU
		{98AF1880-DB8B-407C-990F-BEAA0417A624}.Debug|Any CPU.ActiveCfg = Debug|Any CPU
		{98AF1880-DB8B-407C-990F-BEAA0417A624}.Debug|Any CPU.Build.0 = Debug|Any CPU
		{98AF1880-DB8B-407C-990F-BEAA0417A624}.Release|Any CPU.ActiveCfg = Release|Any CPU
		{98AF1880-DB8B-407C-990F-BEAA0417A624}.Release|Any CPU.Build.0 = Release|Any CPU
	EndGlobalSection
	GlobalSection(SolutionProperties) = preSolution
		HideSolutionNode = FALSE
	EndGlobalSection
	GlobalSection(ExtensibilityGlobals) = postSolution
		SolutionGuid = {04482C27-5C3F-4899-9FE2-82B8331245D4}
	EndGlobalSection
EndGlobal
